
Microsoft Visual Studio Solution File, Format Version 12.00
# Visual Studio 15
VisualStudioVersion = 15.0.28010.2003
MinimumVisualStudioVersion = 10.0.40219.1
Project("{9A19103F-16F7-4668-BE54-9A1E7A4F7556}") = "Books", "Books\Books.csproj", "{AD69351F-EF19-4E3A-B2D4-E5620D55195F}"
EndProject
Project("{9A19103F-16F7-4668-BE54-9A1E7A4F7556}") = "BookCovers.API", "BookCovers.API\BookCovers.API.csproj", "{7D2F72E5-9973-409B-A546-A0FEE12D5FA3}"
EndProject
Global
	GlobalSection(SolutionConfigurationPlatforms) = preSolution
		Debug|Any CPU = Debug|Any CPU
		Release|Any CPU = Release|Any CPU
	EndGlobalSection
	GlobalSection(ProjectConfigurationPlatforms) = postSolution
		{AD69351F-EF19-4E3A-B2D4-E5620D55195F}.Debug|Any CPU.ActiveCfg = Debug|Any CPU
		{AD69351F-EF19-4E3A-B2D4-E5620D55195F}.Debug|Any CPU.Build.0 = Debug|Any CPU
		{AD69351F-EF19-4E3A-B2D4-E5620D55195F}.Release|Any CPU.ActiveCfg = Release|Any CPU
		{AD69351F-EF19-4E3A-B2D4-E5620D55195F}.Release|Any CPU.Build.0 = Release|Any CPU
		{7D2F72E5-9973-409B-A546-A0FEE12D5FA3}.Debug|Any CPU.ActiveCfg = Debug|Any CPU
		{7D2F72E5-9973-409B-A546-A0FEE12D5FA3}.Debug|Any CPU.Build.0 = Debug|Any CPU
		{7D2F72E5-9973-409B-A546-A0FEE12D5FA3}.Release|Any CPU.ActiveCfg = Release|Any CPU
		{7D2F72E5-9973-409B-A546-A0FEE12D5FA3}.Release|Any CPU.Build.0 = Release|Any CPU
	EndGlobalSection
	GlobalSection(SolutionProperties) = preSolution
		HideSolutionNode = FALSE
	EndGlobalSection
	GlobalSection(ExtensibilityGlobals) = postSolution
		SolutionGuid = {F119190C-E0C2-4D6E-A663-1825C223FD37}
	EndGlobalSection
EndGlobal
